// !$*UTF8*$!
{
	archiveVersion = 1;
	classes = {
	};
	objectVersion = 56;
	objects = {

/* Begin PBXBuildFile section */
		AC3609742AC4181700FE7FAB /* productListView.swift in Sources */ = {isa = PBXBuildFile; fileRef = AC3609732AC4181700FE7FAB /* productListView.swift */; };
		AC4DFB9A2ABD951000E32C3B /* Burst_bagViewApp.swift in Sources */ = {isa = PBXBuildFile; fileRef = AC4DFB992ABD951000E32C3B /* Burst_bagViewApp.swift */; };
		AC4DFB9C2ABD951000E32C3B /* ContentView.swift in Sources */ = {isa = PBXBuildFile; fileRef = AC4DFB9B2ABD951000E32C3B /* ContentView.swift */; };
		AC4DFB9E2ABD951300E32C3B /* Assets.xcassets in Resources */ = {isa = PBXBuildFile; fileRef = AC4DFB9D2ABD951300E32C3B /* Assets.xcassets */; };
		AC4DFBA12ABD951300E32C3B /* Preview Assets.xcassets in Resources */ = {isa = PBXBuildFile; fileRef = AC4DFBA02ABD951300E32C3B /* Preview Assets.xcassets */; };
		AC4DFBA92ABD9A7100E32C3B /* Color.swift in Sources */ = {isa = PBXBuildFile; fileRef = AC4DFBA82ABD9A7100E32C3B /* Color.swift */; };
		AC4DFBAC2ABDB3A900E32C3B /* bagItemView.swift in Sources */ = {isa = PBXBuildFile; fileRef = AC4DFBAB2ABDB3A900E32C3B /* bagItemView.swift */; };
/* End PBXBuildFile section */

/* Begin PBXFileReference section */
		AC3609732AC4181700FE7FAB /* productListView.swift */ = {isa = PBXFileReference; lastKnownFileType = sourcecode.swift; path = productListView.swift; sourceTree = "<group>"; };
		AC4DFB962ABD951000E32C3B /* Burst-bagView.app */ = {isa = PBXFileReference; explicitFileType = wrapper.application; includeInIndex = 0; path = "Burst-bagView.app"; sourceTree = BUILT_PRODUCTS_DIR; };
		AC4DFB992ABD951000E32C3B /* Burst_bagViewApp.swift */ = {isa = PBXFileReference; lastKnownFileType = sourcecode.swift; path = Burst_bagViewApp.swift; sourceTree = "<group>"; };
		AC4DFB9B2ABD951000E32C3B /* ContentView.swift */ = {isa = PBXFileReference; lastKnownFileType = sourcecode.swift; path = ContentView.swift; sourceTree = "<group>"; };
		AC4DFB9D2ABD951300E32C3B /* Assets.xcassets */ = {isa = PBXFileReference; lastKnownFileType = folder.assetcatalog; path = Assets.xcassets; sourceTree = "<group>"; };
		AC4DFBA02ABD951300E32C3B /* Preview Assets.xcassets */ = {isa = PBXFileReference; lastKnownFileType = folder.assetcatalog; path = "Preview Assets.xcassets"; sourceTree = "<group>"; };
		AC4DFBA82ABD9A7100E32C3B /* Color.swift */ = {isa = PBXFileReference; lastKnownFileType = sourcecode.swift; path = Color.swift; sourceTree = "<group>"; };
		AC4DFBAB2ABDB3A900E32C3B /* bagItemView.swift */ = {isa = PBXFileReference; lastKnownFileType = sourcecode.swift; path = bagItemView.swift; sourceTree = "<group>"; };
/* End PBXFileReference section */

/* Begin PBXFrameworksBuildPhase section */
		AC4DFB932ABD951000E32C3B /* Frameworks */ = {
			isa = PBXFrameworksBuildPhase;
			buildActionMask = 2147483647;
			files = (
			);
			runOnlyForDeploymentPostprocessing = 0;
		};
/* End PBXFrameworksBuildPhase section */

/* Begin PBXGroup section */
		AC4DFB8D2ABD951000E32C3B = {
			isa = PBXGroup;
			children = (
				AC4DFB982ABD951000E32C3B /* Burst-bagView */,
				AC4DFB972ABD951000E32C3B /* Products */,
			);
			sourceTree = "<group>";
		};
		AC4DFB972ABD951000E32C3B /* Products */ = {
			isa = PBXGroup;
			children = (
				AC4DFB962ABD951000E32C3B /* Burst-bagView.app */,
			);
			name = Products;
			sourceTree = "<group>";
		};
		AC4DFB982ABD951000E32C3B /* Burst-bagView */ = {
			isa = PBXGroup;
			children = (
				AC4DFBAA2ABDB36700E32C3B /* SubView */,
				AC4DFBA72ABD9A4D00E32C3B /* Brand */,
				AC4DFB992ABD951000E32C3B /* Burst_bagViewApp.swift */,
				AC4DFB9B2ABD951000E32C3B /* ContentView.swift */,
				AC4DFB9D2ABD951300E32C3B /* Assets.xcassets */,
				AC4DFB9F2ABD951300E32C3B /* Preview Content */,
			);
			path = "Burst-bagView";
			sourceTree = "<group>";
		};
		AC4DFB9F2ABD951300E32C3B /* Preview Content */ = {
			isa = PBXGroup;
			children = (
				AC4DFBA02ABD951300E32C3B /* Preview Assets.xcassets */,
			);
			path = "Preview Content";
			sourceTree = "<group>";
		};
		AC4DFBA72ABD9A4D00E32C3B /* Brand */ = {
			isa = PBXGroup;
			children = (
				AC4DFBA82ABD9A7100E32C3B /* Color.swift */,
			);
			path = Brand;
			sourceTree = "<group>";
		};
		AC4DFBAA2ABDB36700E32C3B /* SubView */ = {
			isa = PBXGroup;
			children = (
				AC4DFBAB2ABDB3A900E32C3B /* bagItemView.swift */,
				AC3609732AC4181700FE7FAB /* productListView.swift */,
			);
			path = SubView;
			sourceTree = "<group>";
		};
/* End PBXGroup section */

/* Begin PBXNativeTarget section */
		AC4DFB952ABD951000E32C3B /* Burst-bagView */ = {
			isa = PBXNativeTarget;
			buildConfigurationList = AC4DFBA42ABD951300E32C3B /* Build configuration list for PBXNativeTarget "Burst-bagView" */;
			buildPhases = (
				AC4DFB922ABD951000E32C3B /* Sources */,
				AC4DFB932ABD951000E32C3B /* Frameworks */,
				AC4DFB942ABD951000E32C3B /* Resources */,
			);
			buildRules = (
			);
			dependencies = (
			);
			name = "Burst-bagView";
			productName = "Burst-bagView";
			productReference = AC4DFB962ABD951000E32C3B /* Burst-bagView.app */;
			productType = "com.apple.product-type.application";
		};
/* End PBXNativeTarget section */

/* Begin PBXProject section */
		AC4DFB8E2ABD951000E32C3B /* Project object */ = {
			isa = PBXProject;
			attributes = {
				BuildIndependentTargetsInParallel = 1;
				LastSwiftUpdateCheck = 1500;
				LastUpgradeCheck = 1500;
				TargetAttributes = {
					AC4DFB952ABD951000E32C3B = {
						CreatedOnToolsVersion = 15.0;
					};
				};
			};
			buildConfigurationList = AC4DFB912ABD951000E32C3B /* Build configuration list for PBXProject "Burst-bagView" */;
			compatibilityVersion = "Xcode 14.0";
			developmentRegion = en;
			hasScannedForEncodings = 0;
			knownRegions = (
				en,
				Base,
			);
			mainGroup = AC4DFB8D2ABD951000E32C3B;
			productRefGroup = AC4DFB972ABD951000E32C3B /* Products */;
			projectDirPath = "";
			projectRoot = "";
			targets = (
				AC4DFB952ABD951000E32C3B /* Burst-bagView */,
			);
		};
/* End PBXProject section */

/* Begin PBXResourcesBuildPhase section */
		AC4DFB942ABD951000E32C3B /* Resources */ = {
			isa = PBXResourcesBuildPhase;
			buildActionMask = 2147483647;
			files = (
				AC4DFBA12ABD951300E32C3B /* Preview Assets.xcassets in Resources */,
				AC4DFB9E2ABD951300E32C3B /* Assets.xcassets in Resources */,
			);
			runOnlyForDeploymentPostprocessing = 0;
		};
/* End PBXResourcesBuildPhase section */

/* Begin PBXSourcesBuildPhase section */
		AC4DFB922ABD951000E32C3B /* Sources */ = {
			isa = PBXSourcesBuildPhase;
			buildActionMask = 2147483647;
			files = (
				AC4DFBAC2ABDB3A900E32C3B /* bagItemView.swift in Sources */,
				AC3609742AC4181700FE7FAB /* productListView.swift in Sources */,
				AC4DFB9C2ABD951000E32C3B /* ContentView.swift in Sources */,
				AC4DFB9A2ABD951000E32C3B /* Burst_bagViewApp.swift in Sources */,
				AC4DFBA92ABD9A7100E32C3B /* Color.swift in Sources */,
			);
			runOnlyForDeploymentPostprocessing = 0;
		};
/* End PBXSourcesBuildPhase section */

/* Begin XCBuildConfiguration section */
		AC4DFBA22ABD951300E32C3B /* Debug */ = {
			isa = XCBuildConfiguration;
			buildSettings = {
				ALWAYS_SEARCH_USER_PATHS = NO;
				ASSETCATALOG_COMPILER_GENERATE_SWIFT_ASSET_SYMBOL_EXTENSIONS = YES;
				CLANG_ANALYZER_NONNULL = YES;
				CLANG_ANALYZER_NUMBER_OBJECT_CONVERSION = YES_AGGRESSIVE;
				CLANG_CXX_LANGUAGE_STANDARD = "gnu++20";
				CLANG_ENABLE_MODULES = YES;
				CLANG_ENABLE_OBJC_ARC = YES;
				CLANG_ENABLE_OBJC_WEAK = YES;
				CLANG_WARN_BLOCK_CAPTURE_AUTORELEASING = YES;
				CLANG_WARN_BOOL_CONVERSION = YES;
				CLANG_WARN_COMMA = YES;
				CLANG_WARN_CONSTANT_CONVERSION = YES;
				CLANG_WARN_DEPRECATED_OBJC_IMPLEMENTATIONS = YES;
				CLANG_WARN_DIRECT_OBJC_ISA_USAGE = YES_ERROR;
				CLANG_WARN_DOCUMENTATION_COMMENTS = YES;
				CLANG_WARN_EMPTY_BODY = YES;
				CLANG_WARN_ENUM_CONVERSION = YES;
				CLANG_WARN_INFINITE_RECURSION = YES;
				CLANG_WARN_INT_CONVERSION = YES;
				CLANG_WARN_NON_LITERAL_NULL_CONVERSION = YES;
				CLANG_WARN_OBJC_IMPLICIT_RETAIN_SELF = YES;
				CLANG_WARN_OBJC_LITERAL_CONVERSION = YES;
				CLANG_WARN_OBJC_ROOT_CLASS = YES_ERROR;
				CLANG_WARN_QUOTED_INCLUDE_IN_FRAMEWORK_HEADER = YES;
				CLANG_WARN_RANGE_LOOP_ANALYSIS = YES;
				CLANG_WARN_STRICT_PROTOTYPES = YES;
				CLANG_WARN_SUSPICIOUS_MOVE = YES;
				CLANG_WARN_UNGUARDED_AVAILABILITY = YES_AGGRESSIVE;
				CLANG_WARN_UNREACHABLE_CODE = YES;
				CLANG_WARN__DUPLICATE_METHOD_MATCH = YES;
				COPY_PHASE_STRIP = NO;
				DEBUG_INFORMATION_FORMAT = dwarf;
				ENABLE_STRICT_OBJC_MSGSEND = YES;
				ENABLE_TESTABILITY = YES;
				ENABLE_USER_SCRIPT_SANDBOXING = YES;
				GCC_C_LANGUAGE_STANDARD = gnu17;
				GCC_DYNAMIC_NO_PIC = NO;
				GCC_NO_COMMON_BLOCKS = YES;
				GCC_OPTIMIZATION_LEVEL = 0;
				GCC_PREPROCESSOR_DEFINITIONS = (
					"DEBUG=1",
					"$(inherited)",
				);
				GCC_WARN_64_TO_32_BIT_CONVERSION = YES;
				GCC_WARN_ABOUT_RETURN_TYPE = YES_ERROR;
				GCC_WARN_UNDECLARED_SELECTOR = YES;
				GCC_WARN_UNINITIALIZED_AUTOS = YES_AGGRESSIVE;
				GCC_WARN_UNUSED_FUNCTION = YES;
				GCC_WARN_UNUSED_VARIABLE = YES;
				IPHONEOS_DEPLOYMENT_TARGET = 17.0;
				LOCALIZATION_PREFERS_STRING_CATALOGS = YES;
				MTL_ENABLE_DEBUG_INFO = INCLUDE_SOURCE;
				MTL_FAST_MATH = YES;
				ONLY_ACTIVE_ARCH = YES;
				SDKROOT = iphoneos;
				SWIFT_ACTIVE_COMPILATION_CONDITIONS = "DEBUG $(inherited)";
				SWIFT_OPTIMIZATION_LEVEL = "-Onone";
			};
			name = Debug;
		};
		AC4DFBA32ABD951300E32C3B /* Release */ = {
			isa = XCBuildConfiguration;
			buildSettings = {
				ALWAYS_SEARCH_USER_PATHS = NO;
				ASSETCATALOG_COMPILER_GENERATE_SWIFT_ASSET_SYMBOL_EXTENSIONS = YES;
				CLANG_ANALYZER_NONNULL = YES;
				CLANG_ANALYZER_NUMBER_OBJECT_CONVERSION = YES_AGGRESSIVE;
				CLANG_CXX_LANGUAGE_STANDARD = "gnu++20";
				CLANG_ENABLE_MODULES = YES;
				CLANG_ENABLE_OBJC_ARC = YES;
				CLANG_ENABLE_OBJC_WEAK = YES;
				CLANG_WARN_BLOCK_CAPTURE_AUTORELEASING = YES;
				CLANG_WARN_BOOL_CONVERSION = YES;
				CLANG_WARN_COMMA = YES;
				CLANG_WARN_CONSTANT_CONVERSION = YES;
				CLANG_WARN_DEPRECATED_OBJC_IMPLEMENTATIONS = YES;
				CLANG_WARN_DIRECT_OBJC_ISA_USAGE = YES_ERROR;
				CLANG_WARN_DOCUMENTATION_COMMENTS = YES;
				CLANG_WARN_EMPTY_BODY = YES;
				CLANG_WARN_ENUM_CONVERSION = YES;
				CLANG_WARN_INFINITE_RECURSION = YES;
				CLANG_WARN_INT_CONVERSION = YES;
				CLANG_WARN_NON_LITERAL_NULL_CONVERSION = YES;
				CLANG_WARN_OBJC_IMPLICIT_RETAIN_SELF = YES;
				CLANG_WARN_OBJC_LITERAL_CONVERSION = YES;
				CLANG_WARN_OBJC_ROOT_CLASS = YES_ERROR;
				CLANG_WARN_QUOTED_INCLUDE_IN_FRAMEWORK_HEADER = YES;
				CLANG_WARN_RANGE_LOOP_ANALYSIS = YES;
				CLANG_WARN_STRICT_PROTOTYPES = YES;
				CLANG_WARN_SUSPICIOUS_MOVE = YES;
				CLANG_WARN_UNGUARDED_AVAILABILITY = YES_AGGRESSIVE;
				CLANG_WARN_UNREACHABLE_CODE = YES;
				CLANG_WARN__DUPLICATE_METHOD_MATCH = YES;
				COPY_PHASE_STRIP = NO;
				DEBUG_INFORMATION_FORMAT = "dwarf-with-dsym";
				ENABLE_NS_ASSERTIONS = NO;
				ENABLE_STRICT_OBJC_MSGSEND = YES;
				ENABLE_USER_SCRIPT_SANDBOXING = YES;
				GCC_C_LANGUAGE_STANDARD = gnu17;
				GCC_NO_COMMON_BLOCKS = YES;
				GCC_WARN_64_TO_32_BIT_CONVERSION = YES;
				GCC_WARN_ABOUT_RETURN_TYPE = YES_ERROR;
				GCC_WARN_UNDECLARED_SELECTOR = YES;
				GCC_WARN_UNINITIALIZED_AUTOS = YES_AGGRESSIVE;
				GCC_WARN_UNUSED_FUNCTION = YES;
				GCC_WARN_UNUSED_VARIABLE = YES;
				IPHONEOS_DEPLOYMENT_TARGET = 17.0;
				LOCALIZATION_PREFERS_STRING_CATALOGS = YES;
				MTL_ENABLE_DEBUG_INFO = NO;
				MTL_FAST_MATH = YES;
				SDKROOT = iphoneos;
				SWIFT_COMPILATION_MODE = wholemodule;
				VALIDATE_PRODUCT = YES;
			};
			name = Release;
		};
		AC4DFBA52ABD951300E32C3B /* Debug */ = {
			isa = XCBuildConfiguration;
			buildSettings = {
				ASSETCATALOG_COMPILER_APPICON_NAME = AppIcon;
				ASSETCATALOG_COMPILER_GLOBAL_ACCENT_COLOR_NAME = AccentColor;
				CODE_SIGN_STYLE = Automatic;
				CURRENT_PROJECT_VERSION = 1;
				DEVELOPMENT_ASSET_PATHS = "\"Burst-bagView/Preview Content\"";
				ENABLE_PREVIEWS = YES;
				GENERATE_INFOPLIST_FILE = YES;
				INFOPLIST_KEY_UIApplicationSceneManifest_Generation = YES;
				INFOPLIST_KEY_UIApplicationSupportsIndirectInputEvents = YES;
				INFOPLIST_KEY_UILaunchScreen_Generation = YES;
				INFOPLIST_KEY_UISupportedInterfaceOrientations_iPad = "UIInterfaceOrientationPortrait UIInterfaceOrientationPortraitUpsideDown UIInterfaceOrientationLandscapeLeft UIInterfaceOrientationLandscapeRight";
				INFOPLIST_KEY_UISupportedInterfaceOrientations_iPhone = "UIInterfaceOrientationPortrait UIInterfaceOrientationLandscapeLeft UIInterfaceOrientationLandscapeRight";
				IPHONEOS_DEPLOYMENT_TARGET = 16.0;
				LD_RUNPATH_SEARCH_PATHS = (
					"$(inherited)",
					"@executable_path/Frameworks",
				);
				MARKETING_VERSION = 1.0;
				PRODUCT_BUNDLE_IDENTIFIER = "com.adityagi.Burst-bagView";
				PRODUCT_NAME = "$(TARGET_NAME)";
				SWIFT_EMIT_LOC_STRINGS = YES;
				SWIFT_VERSION = 5.0;
				TARGETED_DEVICE_FAMILY = "1,2";
			};
			name = Debug;
		};
		AC4DFBA62ABD951300E32C3B /* Release */ = {
			isa = XCBuildConfiguration;
			buildSettings = {
				ASSETCATALOG_COMPILER_APPICON_NAME = AppIcon;
				ASSETCATALOG_COMPILER_GLOBAL_ACCENT_COLOR_NAME = AccentColor;
				CODE_SIGN_STYLE = Automatic;
				CURRENT_PROJECT_VERSION = 1;
				DEVELOPMENT_ASSET_PATHS = "\"Burst-bagView/Preview Content\"";
				ENABLE_PREVIEWS = YES;
				GENERATE_INFOPLIST_FILE = YES;
				INFOPLIST_KEY_UIApplicationSceneManifest_Generation = YES;
				INFOPLIST_KEY_UIApplicationSupportsIndirectInputEvents = YES;
				INFOPLIST_KEY_UILaunchScreen_Generation = YES;
				INFOPLIST_KEY_UISupportedInterfaceOrientations_iPad = "UIInterfaceOrientationPortrait UIInterfaceOrientationPortraitUpsideDown UIInterfaceOrientationLandscapeLeft UIInterfaceOrientationLandscapeRight";
				INFOPLIST_KEY_UISupportedInterfaceOrientations_iPhone = "UIInterfaceOrientationPortrait UIInterfaceOrientationLandscapeLeft UIInterfaceOrientationLandscapeRight";
				IPHONEOS_DEPLOYMENT_TARGET = 16.0;
				LD_RUNPATH_SEARCH_PATHS = (
					"$(inherited)",
					"@executable_path/Frameworks",
				);
				MARKETING_VERSION = 1.0;
				PRODUCT_BUNDLE_IDENTIFIER = "com.adityagi.Burst-bagView";
				PRODUCT_NAME = "$(TARGET_NAME)";
				SWIFT_EMIT_LOC_STRINGS = YES;
				SWIFT_VERSION = 5.0;
				TARGETED_DEVICE_FAMILY = "1,2";
			};
			name = Release;
		};
/* End XCBuildConfiguration section */

/* Begin XCConfigurationList section */
		AC4DFB912ABD951000E32C3B /* Build configuration list for PBXProject "Burst-bagView" */ = {
			isa = XCConfigurationList;
			buildConfigurations = (
				AC4DFBA22ABD951300E32C3B /* Debug */,
				AC4DFBA32ABD951300E32C3B /* Release */,
			);
			defaultConfigurationIsVisible = 0;
			defaultConfigurationName = Release;
		};
		AC4DFBA42ABD951300E32C3B /* Build configuration list for PBXNativeTarget "Burst-bagView" */ = {
			isa = XCConfigurationList;
			buildConfigurations = (
				AC4DFBA52ABD951300E32C3B /* Debug */,
				AC4DFBA62ABD951300E32C3B /* Release */,
			);
			defaultConfigurationIsVisible = 0;
			defaultConfigurationName = Release;
		};
/* End XCConfigurationList section */
	};
	rootObject = AC4DFB8E2ABD951000E32C3B /* Project object */;
}
